
Microsoft Visual Studio Solution File, Format Version 12.00
# Visual Studio Version 16
VisualStudioVersion = 16.0.29324.140
MinimumVisualStudioVersion = 10.0.40219.1
Project("{FAE04EC0-301F-11D3-BF4B-00C04F79EFBC}") = "SumaPrimerosDiezNumerosNaturales", "SumaPrimerosDiezNumerosNaturales.csproj", "{E10A402C-51E5-4928-B851-392F2C0317E1}"
EndProject
Global
	GlobalSection(SolutionConfigurationPlatforms) = preSolution
		Debug|Any CPU = Debug|Any CPU
		Release|Any CPU = Release|Any CPU
	EndGlobalSection
	GlobalSection(ProjectConfigurationPlatforms) = postSolution
		{E10A402C-51E5-4928-B851-392F2C0317E1}.Debug|Any CPU.ActiveCfg = Debug|Any CPU
		{E10A402C-51E5-4928-B851-392F2C0317E1}.Debug|Any CPU.Build.0 = Debug|Any CPU
		{E10A402C-51E5-4928-B851-392F2C0317E1}.Release|Any CPU.ActiveCfg = Release|Any CPU
		{E10A402C-51E5-4928-B851-392F2C0317E1}.Release|Any CPU.Build.0 = Release|Any CPU
	EndGlobalSection
	GlobalSection(SolutionProperties) = preSolution
		HideSolutionNode = FALSE
	EndGlobalSection
	GlobalSection(ExtensibilityGlobals) = postSolution
		SolutionGuid = {B564C7A7-202C-4816-BC69-2E50F24A837E}
	EndGlobalSection
EndGlobal
